
Microsoft Visual Studio Solution File, Format Version 12.00
# Visual Studio Version 16
VisualStudioVersion = 16.0.30523.141
MinimumVisualStudioVersion = 10.0.40219.1
Project("{9A19103F-16F7-4668-BE54-9A1E7A4F7556}") = "FinalProjectRedone", "FinalProjectRedone\FinalProjectRedone.csproj", "{E02A20FB-9047-4626-9585-9F511A5C8131}"
EndProject
Project("{FAE04EC0-301F-11D3-BF4B-00C04F79EFBC}") = "XunitTest", "XunitTest\XunitTest.csproj", "{96B68B06-7003-4F7E-ABFE-0792D8941ACC}"
EndProject
Global
	GlobalSection(SolutionConfigurationPlatforms) = preSolution
		Debug|Any CPU = Debug|Any CPU
		Release|Any CPU = Release|Any CPU
	EndGlobalSection
	GlobalSection(ProjectConfigurationPlatforms) = postSolution
		{E02A20FB-9047-4626-9585-9F511A5C8131}.Debug|Any CPU.ActiveCfg = Debug|Any CPU
		{E02A20FB-9047-4626-9585-9F511A5C8131}.Debug|Any CPU.Build.0 = Debug|Any CPU
		{E02A20FB-9047-4626-9585-9F511A5C8131}.Release|Any CPU.ActiveCfg = Release|Any CPU
		{E02A20FB-9047-4626-9585-9F511A5C8131}.Release|Any CPU.Build.0 = Release|Any CPU
		{96B68B06-7003-4F7E-ABFE-0792D8941ACC}.Debug|Any CPU.ActiveCfg = Debug|Any CPU
		{96B68B06-7003-4F7E-ABFE-0792D8941ACC}.Debug|Any CPU.Build.0 = Debug|Any CPU
		{96B68B06-7003-4F7E-ABFE-0792D8941ACC}.Release|Any CPU.ActiveCfg = Release|Any CPU
		{96B68B06-7003-4F7E-ABFE-0792D8941ACC}.Release|Any CPU.Build.0 = Release|Any CPU
	EndGlobalSection
	GlobalSection(SolutionProperties) = preSolution
		HideSolutionNode = FALSE
	EndGlobalSection
	GlobalSection(ExtensibilityGlobals) = postSolution
		SolutionGuid = {1A489718-6276-4ECD-B36A-8FA36450142D}
	EndGlobalSection
EndGlobal
